{
  "name": "devindex-packages",
  "lockfileVersion": 3,
  "requires": true,
  "packages": {
    "": {
      "name": "devindex-packages",
      "license": "MIT",
      "workspaces": [
        "packages/*"
      ]
    },
    "node_modules/@devindex/utils": {
      "resolved": "packages/utils",
      "link": true
    },
    "packages/utils": {
      "name": "@devindex/utils",
      "version": "1.0.0",
      "license": "MIT"
    }
  }
}
